<?xml version="1.0" encoding="utf-8"?>
<Project ToolsVersion="4.0" xmlns="http://schemas.microsoft.com/developer/msbuild/2003">
  <ItemGroup>
    <Filter Include="Source Files">
      <UniqueIdentifier>{4FC737F1-C7A5-4376-A066-2A32D752A2FF}</UniqueIdentifier>
      <Extensions>cpp;c;cc;cxx;def;odl;idl;hpj;bat;asm;asmx</Extensions>
    </Filter>
    <Filter Include="Header Files">
      <UniqueIdentifier>{93995380-89BD-4b04-88EB-625FBE52EBFB}</UniqueIdentifier>
      <Extensions>h;hh;hpp;hxx;hm;inl;inc;xsd</Extensions>
    </Filter>
  </ItemGroup>
  <ItemGroup>
    <ClCompile Include="main.cpp">
      <Filter>Source Files</Filter>
    </ClCompile>
    <ClCompile Include="..\VivienneCL\driver_io.cpp">
      <Filter>Source Files</Filter>
    </ClCompile>
    <ClCompile Include="test_util.cpp">
      <Filter>Source Files</Filter>
    </ClCompile>
    <ClCompile Include="test_set_clear.cpp">
      <Filter>Source Files</Filter>
    </ClCompile>
    <ClCompile Include="..\common\time_util.cpp">
      <Filter>Source Files</Filter>
    </ClCompile>
    <ClCompile Include="test_unowned_breakpoints.cpp">
      <Filter>Source Files</Filter>
    </ClCompile>
    <ClCompile Include="test_antidebug_single_step.cpp">
      <Filter>Source Files</Filter>
    </ClCompile>
    <ClCompile Include="test_duplicate_breakpoints.cpp">
      <Filter>Source Files</Filter>
    </ClCompile>
    <ClCompile Include="test_breakpoint_stress.cpp">
      <Filter>Source Files</Filter>
    </ClCompile>
    <ClCompile Include="test_facade.cpp">
      <Filter>Source Files</Filter>
    </ClCompile>
    <ClCompile Include="test_facade_stress.cpp">
      <Filter>Source Files</Filter>
    </ClCompile>
    <ClCompile Include="test_breakpoint_ranges.cpp">
      <Filter>Source Files</Filter>
    </ClCompile>
    <ClCompile Include="test_cecr.cpp">
      <Filter>Source Files</Filter>
    </ClCompile>
    <ClCompile Include="test_cecr_edge_cases.cpp">
      <Filter>Source Files</Filter>
    </ClCompile>
    <ClCompile Include="..\VivienneCL\token_parser.cpp">
      <Filter>Source Files</Filter>
    </ClCompile>
    <ClCompile Include="test_token_parser.cpp">
      <Filter>Source Files</Filter>
    </ClCompile>
    <ClCompile Include="test_cecm.cpp">
      <Filter>Source Files</Filter>
    </ClCompile>
    <ClCompile Include="..\VivienneCL\string_util.cpp">
      <Filter>Source Files</Filter>
    </ClCompile>
    <ClCompile Include="test_antidebug_cecm_trap_page.cpp">
      <Filter>Source Files</Filter>
    </ClCompile>
    <ClCompile Include="test_antidebug_cecm_spanning_page.cpp">
      <Filter>Source Files</Filter>
    </ClCompile>
    <ClCompile Include="memory.cpp">
      <Filter>Source Files</Filter>
    </ClCompile>
    <ClCompile Include="test_cecm_fpu_state.cpp">
      <Filter>Source Files</Filter>
    </ClCompile>
    <ClCompile Include="test_read_dr.cpp">
      <Filter>Source Files</Filter>
    </ClCompile>
    <ClCompile Include="..\VivienneCL\log.cpp">
      <Filter>Source Files</Filter>
    </ClCompile>
  </ItemGroup>
  <ItemGroup>
    <ClInclude Include="arbitrary_code.h">
      <Filter>Header Files</Filter>
    </ClInclude>
    <ClInclude Include="..\common\driver_io_types.h">
      <Filter>Header Files</Filter>
    </ClInclude>
    <ClInclude Include="..\VivienneCL\driver_io.h">
      <Filter>Header Files</Filter>
    </ClInclude>
    <ClInclude Include="..\VivienneCL\ntdll.h">
      <Filter>Header Files</Filter>
    </ClInclude>
    <ClInclude Include="test_util.h">
      <Filter>Header Files</Filter>
    </ClInclude>
    <ClInclude Include="tests.h">
      <Filter>Header Files</Filter>
    </ClInclude>
    <ClInclude Include="..\common\time_util.h">
      <Filter>Header Files</Filter>
    </ClInclude>
    <ClInclude Include="..\common\debug.h">
      <Filter>Header Files</Filter>
    </ClInclude>
    <ClInclude Include="..\VivienneVMM\config.h">
      <Filter>Header Files</Filter>
    </ClInclude>
    <ClInclude Include="..\common\arch_x64.h">
      <Filter>Header Files</Filter>
    </ClInclude>
    <ClInclude Include="..\VivienneCL\token_parser.h">
      <Filter>Header Files</Filter>
    </ClInclude>
    <ClInclude Include="..\VivienneCL\string_util.h">
      <Filter>Header Files</Filter>
    </ClInclude>
    <ClInclude Include="memory.h">
      <Filter>Header Files</Filter>
    </ClInclude>
    <ClInclude Include="..\VivienneCL\log.h">
      <Filter>Header Files</Filter>
    </ClInclude>
  </ItemGroup>
  <ItemGroup>
    <MASM Include="arbitrary_code.asm">
      <Filter>Source Files</Filter>
    </MASM>
  </ItemGroup>
</Project>