<?xml version="1.0" encoding="utf-8"?>
<Project ToolsVersion="4.0" xmlns="http://schemas.microsoft.com/developer/msbuild/2003">
  <ItemGroup>
    <ClCompile Include="affinity.cpp">
      <Filter>Source Files</Filter>
    </ClCompile>
    <ClCompile Include="..\VivienneCL\driver_io.cpp">
      <Filter>Source Files</Filter>
    </ClCompile>
    <ClCompile Include="..\VivienneCL\log.cpp">
      <Filter>Source Files</Filter>
    </ClCompile>
    <ClCompile Include="main.cpp">
      <Filter>Source Files</Filter>
    </ClCompile>
    <ClCompile Include="..\VivienneCL\memory_util.cpp">
      <Filter>Source Files</Filter>
    </ClCompile>
    <ClCompile Include="..\VivienneCL\string_util.cpp">
      <Filter>Source Files</Filter>
    </ClCompile>
    <ClCompile Include="test_antidebug_cecm_spanning_page.cpp">
      <Filter>Source Files</Filter>
    </ClCompile>
    <ClCompile Include="test_antidebug_cecm_trap_page.cpp">
      <Filter>Source Files</Filter>
    </ClCompile>
    <ClCompile Include="test_antidebug_single_step.cpp">
      <Filter>Source Files</Filter>
    </ClCompile>
    <ClCompile Include="test_breakpoint_stress.cpp">
      <Filter>Source Files</Filter>
    </ClCompile>
    <ClCompile Include="test_breakpoint_ranges.cpp">
      <Filter>Source Files</Filter>
    </ClCompile>
    <ClCompile Include="test_cecm.cpp">
      <Filter>Source Files</Filter>
    </ClCompile>
    <ClCompile Include="test_cecm_fpu_state.cpp">
      <Filter>Source Files</Filter>
    </ClCompile>
    <ClCompile Include="test_cecr.cpp">
      <Filter>Source Files</Filter>
    </ClCompile>
    <ClCompile Include="test_cecr_edge_cases.cpp">
      <Filter>Source Files</Filter>
    </ClCompile>
    <ClCompile Include="test_duplicate_breakpoints.cpp">
      <Filter>Source Files</Filter>
    </ClCompile>
    <ClCompile Include="test_ept_breakpoint_manager.cpp">
      <Filter>Source Files</Filter>
    </ClCompile>
    <ClCompile Include="test_facade.cpp">
      <Filter>Source Files</Filter>
    </ClCompile>
    <ClCompile Include="test_facade_stress.cpp">
      <Filter>Source Files</Filter>
    </ClCompile>
    <ClCompile Include="test_read_dr.cpp">
      <Filter>Source Files</Filter>
    </ClCompile>
    <ClCompile Include="test_set_clear.cpp">
      <Filter>Source Files</Filter>
    </ClCompile>
    <ClCompile Include="test_token_parser.cpp">
      <Filter>Source Files</Filter>
    </ClCompile>
    <ClCompile Include="test_unowned_breakpoints.cpp">
      <Filter>Source Files</Filter>
    </ClCompile>
    <ClCompile Include="test_util.cpp">
      <Filter>Source Files</Filter>
    </ClCompile>
    <ClCompile Include="..\common\time_util.cpp">
      <Filter>Source Files</Filter>
    </ClCompile>
    <ClCompile Include="..\VivienneCL\token_parser.cpp">
      <Filter>Source Files</Filter>
    </ClCompile>
    <ClCompile Include="..\VivienneCL\ept_breakpoint.cpp">
      <Filter>Source Files</Filter>
    </ClCompile>
    <ClCompile Include="thread_util.cpp">
      <Filter>Source Files</Filter>
    </ClCompile>
    <ClCompile Include="system_util.cpp">
      <Filter>Source Files</Filter>
    </ClCompile>
    <ClCompile Include="..\VivienneCL\debug.cpp">
      <Filter>Source Files</Filter>
    </ClCompile>
  </ItemGroup>
  <ItemGroup>
    <ClInclude Include="affinity.h">
      <Filter>Header Files</Filter>
    </ClInclude>
    <ClInclude Include="arbitrary_code.h">
      <Filter>Header Files</Filter>
    </ClInclude>
    <ClInclude Include="..\common\arch_x64.h">
      <Filter>Header Files</Filter>
    </ClInclude>
    <ClInclude Include="..\VivienneCL\driver_io.h">
      <Filter>Header Files</Filter>
    </ClInclude>
    <ClInclude Include="..\common\driver_io_types.h">
      <Filter>Header Files</Filter>
    </ClInclude>
    <ClInclude Include="..\VivienneCL\log.h">
      <Filter>Header Files</Filter>
    </ClInclude>
    <ClInclude Include="..\VivienneCL\memory_util.h">
      <Filter>Header Files</Filter>
    </ClInclude>
    <ClInclude Include="..\VivienneCL\ntdll.h">
      <Filter>Header Files</Filter>
    </ClInclude>
    <ClInclude Include="..\VivienneCL\string_util.h">
      <Filter>Header Files</Filter>
    </ClInclude>
    <ClInclude Include="test_ept_breakpoint_manager.h">
      <Filter>Header Files</Filter>
    </ClInclude>
    <ClInclude Include="test_util.h">
      <Filter>Header Files</Filter>
    </ClInclude>
    <ClInclude Include="tests.h">
      <Filter>Header Files</Filter>
    </ClInclude>
    <ClInclude Include="..\common\time_util.h">
      <Filter>Header Files</Filter>
    </ClInclude>
    <ClInclude Include="..\VivienneCL\token_parser.h">
      <Filter>Header Files</Filter>
    </ClInclude>
    <ClInclude Include="..\VivienneCL\ept_breakpoint.h">
      <Filter>Header Files</Filter>
    </ClInclude>
    <ClInclude Include="thread_util.h">
      <Filter>Header Files</Filter>
    </ClInclude>
    <ClInclude Include="..\VivienneCL\debug.h">
      <Filter>Header Files</Filter>
    </ClInclude>
    <ClInclude Include="system_util.h">
      <Filter>Header Files</Filter>
    </ClInclude>
    <ClInclude Include="..\common\config.h">
      <Filter>Header Files</Filter>
    </ClInclude>
  </ItemGroup>
  <ItemGroup>
    <MASM Include="arbitrary_code.asm">
      <Filter>Source Files</Filter>
    </MASM>
    <MASM Include="test_ept_breakpoint_manager_asm.asm">
      <Filter>Source Files</Filter>
    </MASM>
  </ItemGroup>
  <ItemGroup>
    <Filter Include="Header Files">
      <UniqueIdentifier>{249e93ed-98e2-4c83-ae95-62c592a64d50}</UniqueIdentifier>
    </Filter>
    <Filter Include="Source Files">
      <UniqueIdentifier>{5c30e707-a8ad-4481-995a-2736b41b44d7}</UniqueIdentifier>
    </Filter>
  </ItemGroup>
</Project>